<?xml version="1.0" encoding="UTF-8" standalone="yes" ?>
<CodeBlocks_project_file>
	<FileVersion major="1" minor="6" />
	<Project>
		<Option title="TetrisGUI" />
		<Option pch_mode="2" />
		<Option compiler="gcc" />
		<Build>
			<Target title="Debug">
				<Option output="bin/Debug/TetrisGUI" prefix_auto="1" extension_auto="1" />
				<Option object_output="obj/Debug/" />
				<Option type="1" />
				<Option compiler="gcc" />
				<Compiler>
					<Add option="-g" />
					<Add directory="include" />
				</Compiler>
				<Linker>
					<Add library="/home/danielbecker/Programming/C++/Projects/Tetris0.2/lib/dynamic/Debug/libTetris_d.so" />
					<Add directory="/home/danielbecker/Programming/C++/Projects/Tetris0.2/lib/dynamic/Debug" />
				</Linker>
			</Target>
			<Target title="Release">
				<Option output="bin/Release/TetrisGUI" prefix_auto="1" extension_auto="1" />
				<Option object_output="obj/Release/" />
				<Option type="1" />
				<Option compiler="gcc" />
				<Compiler>
					<Add option="-O2" />
					<Add directory="include" />
				</Compiler>
				<Linker>
					<Add option="-s" />
					<Add library="/home/danielbecker/Programming/C++/Projects/Tetris0.2/lib/dynamic/Release/libTetris.so" />
					<Add directory="/home/danielbecker/Programming/C++/Projects/Tetris0.2/lib/dynamic/Release" />
				</Linker>
			</Target>
		</Build>
		<Compiler>
			<Add option="-std=c++11" />
			<Add option="-Wall" />
			<Add option="-fexceptions" />
			<Add option="`pkg-config gtkmm-3.0 --cflags`" />
			<Add directory="/home/danielbecker/Programming/C++/Projects/Tetris0.2/include" />
		</Compiler>
		<Linker>
			<Add option="`pkg-config gtkmm-3.0 --libs`" />
		</Linker>
		<Unit filename="include/AdvancedGameBoardDrawingTool.h" />
		<Unit filename="include/BlockDrawingTool.h" />
		<Unit filename="include/BoardDrawingTool.h" />
		<Unit filename="include/DrawingContextInfo.h" />
		<Unit filename="include/GameBoardDrawingTool.h" />
		<Unit filename="include/GameDrawingTool.h" />
		<Unit filename="include/GtkGameFlow.h" />
		<Unit filename="include/ShapeDrawingTool.h" />
		<Unit filename="include/TetrisCanvas.h" />
		<Unit filename="main.cpp" />
		<Unit filename="src/AdvancedGameBoardDrawingTool.cpp" />
		<Unit filename="src/BlockDrawingTool.cpp" />
		<Unit filename="src/BoardDrawingTool.cpp" />
		<Unit filename="src/DrawingContextInfo.cpp" />
		<Unit filename="src/GameBoardDrawingTool.cpp" />
		<Unit filename="src/GameDrawingTool.cpp" />
		<Unit filename="src/GtkGameFlow.cpp" />
		<Unit filename="src/ShapeDrawingTool.cpp" />
		<Unit filename="src/TetrisCanvas.cpp" />
		<Extensions>
			<envvars />
			<code_completion />
			<debugger />
			<lib_finder disable_auto="1" />
		</Extensions>
	</Project>
</CodeBlocks_project_file>
